
Microsoft Visual Studio Solution File, Format Version 12.00
# Visual Studio Version 16
VisualStudioVersion = 16.0.31005.135
MinimumVisualStudioVersion = 10.0.40219.1
Project("{FAE04EC0-301F-11D3-BF4B-00C04F79EFBC}") = "FrostCoin", "FrostCoin.csproj", "{DACC42E2-B4C2-40E8-9F93-BDB30EE0F46C}"
EndProject
Global
	GlobalSection(SolutionConfigurationPlatforms) = preSolution
		Debug|Any CPU = Debug|Any CPU
		Release|Any CPU = Release|Any CPU
	EndGlobalSection
	GlobalSection(ProjectConfigurationPlatforms) = postSolution
		{DACC42E2-B4C2-40E8-9F93-BDB30EE0F46C}.Debug|Any CPU.ActiveCfg = Debug|Any CPU
		{DACC42E2-B4C2-40E8-9F93-BDB30EE0F46C}.Debug|Any CPU.Build.0 = Debug|Any CPU
		{DACC42E2-B4C2-40E8-9F93-BDB30EE0F46C}.Release|Any CPU.ActiveCfg = Release|Any CPU
		{DACC42E2-B4C2-40E8-9F93-BDB30EE0F46C}.Release|Any CPU.Build.0 = Release|Any CPU
	EndGlobalSection
	GlobalSection(SolutionProperties) = preSolution
		HideSolutionNode = FALSE
	EndGlobalSection
	GlobalSection(ExtensibilityGlobals) = postSolution
		SolutionGuid = {81583386-7BDB-433C-9EC7-350AA67728D4}
	EndGlobalSection
EndGlobal
